
Microsoft Visual Studio Solution File, Format Version 12.00
# Visual Studio 2012
Project("{FAE04EC0-301F-11D3-BF4B-00C04F79EFBC}") = "Clickstream", "Clickstream\Clickstream.csproj", "{8358BE8A-A5E0-489A-AAD4-9AF832B383C8}"
EndProject
Project("{FAE04EC0-301F-11D3-BF4B-00C04F79EFBC}") = "Clickstream.Tests", "Clickstream.Tests\Clickstream.Tests.csproj", "{94B08927-56A6-4779-AC86-2C628E7B368C}"
EndProject
Global
	GlobalSection(SolutionConfigurationPlatforms) = preSolution
		Debug|Any CPU = Debug|Any CPU
		Release|Any CPU = Release|Any CPU
	EndGlobalSection
	GlobalSection(ProjectConfigurationPlatforms) = postSolution
		{8358BE8A-A5E0-489A-AAD4-9AF832B383C8}.Debug|Any CPU.ActiveCfg = Debug|Any CPU
		{8358BE8A-A5E0-489A-AAD4-9AF832B383C8}.Debug|Any CPU.Build.0 = Debug|Any CPU
		{8358BE8A-A5E0-489A-AAD4-9AF832B383C8}.Release|Any CPU.ActiveCfg = Release|Any CPU
		{8358BE8A-A5E0-489A-AAD4-9AF832B383C8}.Release|Any CPU.Build.0 = Release|Any CPU
		{94B08927-56A6-4779-AC86-2C628E7B368C}.Debug|Any CPU.ActiveCfg = Debug|Any CPU
		{94B08927-56A6-4779-AC86-2C628E7B368C}.Debug|Any CPU.Build.0 = Debug|Any CPU
		{94B08927-56A6-4779-AC86-2C628E7B368C}.Release|Any CPU.ActiveCfg = Release|Any CPU
		{94B08927-56A6-4779-AC86-2C628E7B368C}.Release|Any CPU.Build.0 = Release|Any CPU
	EndGlobalSection
EndGlobal
